{
  "name": "svelte-form-control-app",
  "version": "1.0.0",
  "lockfileVersion": 1,
  "requires": true,
  "dependencies": {
    "@polka/url": {
      "version": "0.5.0",
      "resolved": "https://registry.npmjs.org/@polka/url/-/url-0.5.0.tgz",
      "integrity": "sha512-oZLYFEAzUKyi3SKnXvj32ZCEGH6RDnao7COuCVhDydMS9NrCSVXhM79VaKyP5+Zc33m0QXEd2DN3UkU7OsHcfw=="
    },
    "@rollup/plugin-alias": {
      "version": "3.1.0",
      "resolved": "https://registry.npmjs.org/@rollup/plugin-alias/-/plugin-alias-3.1.0.tgz",
      "integrity": "sha512-IzoejtAqdfwAvx4D0bztAJFoL5Js36kJgnbO00zfI1B9jf9G80vWysyG0C4+E6w5uG5hz0EeetPpoBWKdNktCQ==",
      "dev": true,
      "requires": {
        "slash": "^3.0.0"
      }
    },
    "anymatch": {
      "version": "3.1.1",
      "resolved": "https://registry.npmjs.org/anymatch/-/anymatch-3.1.1.tgz",
      "integrity": "sha512-mM8522psRCqzV+6LhomX5wgp25YVibjh8Wj23I5RPkPppSVSjyKD2A2mBJmWGa+KN7f2D6LNh9jkBCeyLktzjg==",
      "dev": true,
      "requires": {
        "normalize-path": "^3.0.0",
        "picomatch": "^2.0.4"
      }
    },
    "async-limiter": {
      "version": "1.0.1",
      "resolved": "https://registry.npmjs.org/async-limiter/-/async-limiter-1.0.1.tgz",
      "integrity": "sha512-csOlWGAcRFJaI6m+F2WKdnMKr4HhdhFVBk0H/QbJFMCr+uO2kwohwXQPxw/9OCxp05r5ghVBFSyioixx3gfkNQ==",
      "dev": true
    },
    "binary-extensions": {
      "version": "2.0.0",
      "resolved": "https://registry.npmjs.org/binary-extensions/-/binary-extensions-2.0.0.tgz",
      "integrity": "sha512-Phlt0plgpIIBOGTT/ehfFnbNlfsDEiqmzE2KRXoX1bLIlir4X/MR+zSyBEkL05ffWgnRSf/DXv+WrUAVr93/ow==",
      "dev": true
    },
    "braces": {
      "version": "3.0.2",
      "resolved": "https://registry.npmjs.org/braces/-/braces-3.0.2.tgz",
      "integrity": "sha512-b8um+L1RzM3WDSzvhm6gIz1yfTbBt6YTlcEKAvsmqCZZFw46z626lVj9j1yEPW33H5H+lBQpZMP1k8l+78Ha0A==",
      "dev": true,
      "requires": {
        "fill-range": "^7.0.1"
      }
    },
    "chokidar": {
      "version": "3.4.0",
      "resolved": "https://registry.npmjs.org/chokidar/-/chokidar-3.4.0.tgz",
      "integrity": "sha512-aXAaho2VJtisB/1fg1+3nlLJqGOuewTzQpd/Tz0yTg2R0e4IGtshYvtjowyEumcBv2z+y4+kc75Mz7j5xJskcQ==",
      "dev": true,
      "requires": {
        "anymatch": "~3.1.1",
        "braces": "~3.0.2",
        "fsevents": "~2.1.2",
        "glob-parent": "~5.1.0",
        "is-binary-path": "~2.1.0",
        "is-glob": "~4.0.1",
        "normalize-path": "~3.0.0",
        "readdirp": "~3.4.0"
      }
    },
    "console-clear": {
      "version": "1.1.1",
      "resolved": "https://registry.npmjs.org/console-clear/-/console-clear-1.1.1.tgz",
      "integrity": "sha512-pMD+MVR538ipqkG5JXeOEbKWS5um1H4LUUccUQG68qpeqBYbzYy79Gh55jkd2TtPdRfUaLWdv6LPP//5Zt0aPQ=="
    },
    "fill-range": {
      "version": "7.0.1",
      "resolved": "https://registry.npmjs.org/fill-range/-/fill-range-7.0.1.tgz",
      "integrity": "sha512-qOo9F+dMUmC2Lcb4BbVvnKJxTPjCm+RRpe4gDuGrzkL7mEVl/djYSu2OdQ2Pa302N4oqkSg9ir6jaLWJ2USVpQ==",
      "dev": true,
      "requires": {
        "to-regex-range": "^5.0.1"
      }
    },
    "fsevents": {
      "version": "2.1.3",
      "resolved": "https://registry.npmjs.org/fsevents/-/fsevents-2.1.3.tgz",
      "integrity": "sha512-Auw9a4AxqWpa9GUfj370BMPzzyncfBABW8Mab7BGWBYDj4Isgq+cDKtx0i6u9jcX9pQDnswsaaOTgTmA5pEjuQ==",
      "dev": true,
      "optional": true
    },
    "get-port": {
      "version": "3.2.0",
      "resolved": "https://registry.npmjs.org/get-port/-/get-port-3.2.0.tgz",
      "integrity": "sha1-3Xzn3hh8Bsi/NTeWrHHgmfCYDrw="
    },
    "glob-parent": {
      "version": "5.1.1",
      "resolved": "https://registry.npmjs.org/glob-parent/-/glob-parent-5.1.1.tgz",
      "integrity": "sha512-FnI+VGOpnlGHWZxthPGR+QhR78fuiK0sNLkHQv+bL9fQi57lNNdquIbna/WrfROrolq8GK5Ek6BiMwqL/voRYQ==",
      "dev": true,
      "requires": {
        "is-glob": "^4.0.1"
      }
    },
    "is-binary-path": {
      "version": "2.1.0",
      "resolved": "https://registry.npmjs.org/is-binary-path/-/is-binary-path-2.1.0.tgz",
      "integrity": "sha512-ZMERYes6pDydyuGidse7OsHxtbI7WVeUEozgR/g7rd0xUimYNlvZRE/K2MgZTjWy725IfelLeVcEM97mmtRGXw==",
      "dev": true,
      "requires": {
        "binary-extensions": "^2.0.0"
      }
    },
    "is-extglob": {
      "version": "2.1.1",
      "resolved": "https://registry.npmjs.org/is-extglob/-/is-extglob-2.1.1.tgz",
      "integrity": "sha1-qIwCU1eR8C7TfHahueqXc8gz+MI=",
      "dev": true
    },
    "is-glob": {
      "version": "4.0.1",
      "resolved": "https://registry.npmjs.org/is-glob/-/is-glob-4.0.1.tgz",
      "integrity": "sha512-5G0tKtBTFImOqDnLB2hG6Bp2qcKEFduo4tZu9MT/H6NQv/ghhy30o55ufafxJ/LdH79LLs2Kfrn85TLKyA7BUg==",
      "dev": true,
      "requires": {
        "is-extglob": "^2.1.1"
      }
    },
    "is-number": {
      "version": "7.0.0",
      "resolved": "https://registry.npmjs.org/is-number/-/is-number-7.0.0.tgz",
      "integrity": "sha512-41Cifkg6e8TylSpdtTpeLVMqvSBEVzTttHvERD741+pnZ8ANv0004MRL43QKPDlK9cGvNp6NZWZUBlbGXYxxng==",
      "dev": true
    },
    "kleur": {
      "version": "3.0.3",
      "resolved": "https://registry.npmjs.org/kleur/-/kleur-3.0.3.tgz",
      "integrity": "sha512-eTIzlVOSUR+JxdDFepEYcBMtZ9Qqdef+rnzWdRZuMbOywu5tO2w2N7rqjoANZ5k9vywhL6Br1VRjUIgTQx4E8w=="
    },
    "livereload": {
      "version": "0.9.1",
      "resolved": "https://registry.npmjs.org/livereload/-/livereload-0.9.1.tgz",
      "integrity": "sha512-9g7sua11kkyZNo2hLRCG3LuZZwqexoyEyecSlV8cAsfAVVCZqLzVir6XDqmH0r+Vzgnd5LrdHDMyjtFnJQLAYw==",
      "dev": true,
      "requires": {
        "chokidar": "^3.3.0",
        "livereload-js": "^3.1.0",
        "opts": ">= 1.2.0",
        "ws": "^6.2.1"
      }
    },
    "livereload-js": {
      "version": "3.2.2",
      "resolved": "https://registry.npmjs.org/livereload-js/-/livereload-js-3.2.2.tgz",
      "integrity": "sha512-xhScbNeC687ZINjEf/bD+BMiPx4s4q0mehcLb3zCc8+mykOtmaBR4vqzyIV9rIGdG9JjHaT0LiFdscvivCjX1Q==",
      "dev": true
    },
    "local-access": {
      "version": "1.0.1",
      "resolved": "https://registry.npmjs.org/local-access/-/local-access-1.0.1.tgz",
      "integrity": "sha512-ykt2pgN0aqIy6KQC1CqdWTWkmUwNgaOS6dcpHVjyBJONA+Xi7AtSB1vuxC/U/0tjIP3wcRudwQk1YYzUvzk2bA=="
    },
    "mime": {
      "version": "2.4.6",
      "resolved": "https://registry.npmjs.org/mime/-/mime-2.4.6.tgz",
      "integrity": "sha512-RZKhC3EmpBchfTGBVb8fb+RL2cWyw/32lshnsETttkBAyAUXSGHxbEJWWRXc751DrIxG1q04b8QwMbAwkRPpUA=="
    },
    "mri": {
      "version": "1.1.5",
      "resolved": "https://registry.npmjs.org/mri/-/mri-1.1.5.tgz",
      "integrity": "sha512-d2RKzMD4JNyHMbnbWnznPaa8vbdlq/4pNZ3IgdaGrVbBhebBsGUUE/6qorTMYNS6TwuH3ilfOlD2bf4Igh8CKg=="
    },
    "normalize-path": {
      "version": "3.0.0",
      "resolved": "https://registry.npmjs.org/normalize-path/-/normalize-path-3.0.0.tgz",
      "integrity": "sha512-6eZs5Ls3WtCisHWp9S2GUy8dqkpGi4BVSz3GaqiE6ezub0512ESztXUwUB6C6IKbQkY2Pnb/mD4WYojCRwcwLA==",
      "dev": true
    },
    "opts": {
      "version": "1.2.7",
      "resolved": "https://registry.npmjs.org/opts/-/opts-1.2.7.tgz",
      "integrity": "sha512-hwZhzGGG/GQ7igxAVFOEun2N4fWul31qE9nfBdCnZGQCB5+L7tN9xZ+94B4aUpLOJx/of3zZs5XsuubayQYQjA==",
      "dev": true
    },
    "picomatch": {
      "version": "2.2.2",
      "resolved": "https://registry.npmjs.org/picomatch/-/picomatch-2.2.2.tgz",
      "integrity": "sha512-q0M/9eZHzmr0AulXyPwNfZjtwZ/RBZlbN3K3CErVrk50T2ASYI7Bye0EvekFY3IP1Nt2DHu0re+V2ZHIpMkuWg==",
      "dev": true
    },
    "readdirp": {
      "version": "3.4.0",
      "resolved": "https://registry.npmjs.org/readdirp/-/readdirp-3.4.0.tgz",
      "integrity": "sha512-0xe001vZBnJEK+uKcj8qOhyAKPzIT+gStxWr3LCB0DwcXR5NZJ3IaC+yGnHCYzB/S7ov3m3EEbZI2zeNvX+hGQ==",
      "dev": true,
      "requires": {
        "picomatch": "^2.2.1"
      }
    },
    "rollup-plugin-livereload": {
      "version": "1.3.0",
      "resolved": "https://registry.npmjs.org/rollup-plugin-livereload/-/rollup-plugin-livereload-1.3.0.tgz",
      "integrity": "sha512-abyqXaB21+nFHo+vJULBqfzNx6zXABC19UyvqgDfdoxR/8pFAd041GO+GIUe8ZYC2DbuMUmioh1Lvbk14YLZgw==",
      "dev": true,
      "requires": {
        "livereload": "^0.9.1"
      }
    },
    "sade": {
      "version": "1.7.3",
      "resolved": "https://registry.npmjs.org/sade/-/sade-1.7.3.tgz",
      "integrity": "sha512-m4BctppMvJ60W1dXnHq7jMmFe3hPJZDAH85kQ3ACTo7XZNVUuTItCQ+2HfyaMeV5cKrbw7l4vD/6We3GBxvdJw==",
      "requires": {
        "mri": "^1.1.0"
      }
    },
    "sirv": {
      "version": "0.4.6",
      "resolved": "https://registry.npmjs.org/sirv/-/sirv-0.4.6.tgz",
      "integrity": "sha512-rYpOXlNbpHiY4nVXxuDf4mXPvKz1reZGap/LkWp9TvcZ84qD/nPBjjH/6GZsgIjVMbOslnY8YYULAyP8jMn1GQ==",
      "requires": {
        "@polka/url": "^0.5.0",
        "mime": "^2.3.1"
      }
    },
    "sirv-cli": {
      "version": "0.4.6",
      "resolved": "https://registry.npmjs.org/sirv-cli/-/sirv-cli-0.4.6.tgz",
      "integrity": "sha512-/Vj85/kBvPL+n9ibgX6FicLE8VjidC1BhlX67PYPBfbBAphzR6i0k0HtU5c2arejfU3uzq8l3SYPCwl1x7z6Ww==",
      "requires": {
        "console-clear": "^1.1.0",
        "get-port": "^3.2.0",
        "kleur": "^3.0.0",
        "local-access": "^1.0.1",
        "sade": "^1.4.0",
        "sirv": "^0.4.6",
        "tinydate": "^1.0.0"
      }
    },
    "slash": {
      "version": "3.0.0",
      "resolved": "https://registry.npmjs.org/slash/-/slash-3.0.0.tgz",
      "integrity": "sha512-g9Q1haeby36OSStwb4ntCGGGaKsaVSjQ68fBxoQcutl5fS1vuY18H3wSt3jFyFtrkx+Kz0V1G85A4MyAdDMi2Q==",
      "dev": true
    },
    "tinydate": {
      "version": "1.2.0",
      "resolved": "https://registry.npmjs.org/tinydate/-/tinydate-1.2.0.tgz",
      "integrity": "sha512-3GwPk8VhDFnUZ2TrgkhXJs6hcMAIIw4x/xkz+ayK6dGoQmp2nUwKzBXK0WnMsqkh6vfUhpqQicQF3rbshfyJkg=="
    },
    "to-regex-range": {
      "version": "5.0.1",
      "resolved": "https://registry.npmjs.org/to-regex-range/-/to-regex-range-5.0.1.tgz",
      "integrity": "sha512-65P7iz6X5yEr1cwcgvQxbbIw7Uk3gOy5dIdtZ4rDveLqhrdJP+Li/Hx6tyK0NEb+2GCyneCMJiGqrADCSNk8sQ==",
      "dev": true,
      "requires": {
        "is-number": "^7.0.0"
      }
    },
    "ws": {
      "version": "6.2.1",
      "resolved": "https://registry.npmjs.org/ws/-/ws-6.2.1.tgz",
      "integrity": "sha512-GIyAXC2cB7LjvpgMt9EKS2ldqr0MTrORaleiOno6TweZ6r3TKtoFQWay/2PceJ3RuBasOHzXNn5Lrw1X0bEjqA==",
      "dev": true,
      "requires": {
        "async-limiter": "~1.0.0"
      }
    }
  }
}
